
Microsoft Visual Studio Solution File, Format Version 12.00
# Visual Studio Version 16
VisualStudioVersion = 16.0.29318.209
MinimumVisualStudioVersion = 10.0.40219.1
Project("{FAE04EC0-301F-11D3-BF4B-00C04F79EFBC}") = "PlanerParnicaV2", "PlanerParnicaV2\PlanerParnicaV2.csproj", "{AB37D6C2-C425-4256-B19E-F3374F065885}"
EndProject
Global
	GlobalSection(SolutionConfigurationPlatforms) = preSolution
		Debug|Any CPU = Debug|Any CPU
		Release|Any CPU = Release|Any CPU
	EndGlobalSection
	GlobalSection(ProjectConfigurationPlatforms) = postSolution
		{AB37D6C2-C425-4256-B19E-F3374F065885}.Debug|Any CPU.ActiveCfg = Debug|Any CPU
		{AB37D6C2-C425-4256-B19E-F3374F065885}.Debug|Any CPU.Build.0 = Debug|Any CPU
		{AB37D6C2-C425-4256-B19E-F3374F065885}.Release|Any CPU.ActiveCfg = Release|Any CPU
		{AB37D6C2-C425-4256-B19E-F3374F065885}.Release|Any CPU.Build.0 = Release|Any CPU
	EndGlobalSection
	GlobalSection(SolutionProperties) = preSolution
		HideSolutionNode = FALSE
	EndGlobalSection
	GlobalSection(ExtensibilityGlobals) = postSolution
		SolutionGuid = {3B75F1BB-906C-4C01-9F07-78E8B2425056}
	EndGlobalSection
EndGlobal
